
Microsoft Visual Studio Solution File, Format Version 12.00
# Visual Studio 2012
Project("{FAE04EC0-301F-11D3-BF4B-00C04F79EFBC}") = "COMP306_FeedbackService", "COMP306_FeedbackService\COMP306_FeedbackService.csproj", "{15B3E0D2-6217-493A-A690-158C497F5318}"
EndProject
Project("{FAE04EC0-301F-11D3-BF4B-00C04F79EFBC}") = "CourseFeecback_WPF", "CourseFeecback_WPF\CourseFeecback_WPF.csproj", "{6D5FDBD1-15CB-455D-85C3-07C75CFD2DE0}"
EndProject
Project("{E24C65DC-7377-472B-9ABA-BC803B73C61A}") = "IISFeedbackService", "http://localhost:9799", "{C26D9480-951B-461B-A1CE-5899EA48B9C4}"
	ProjectSection(WebsiteProperties) = preProject
		UseIISExpress = "true"
		TargetFrameworkMoniker = ".NETFramework,Version%3Dv4.5"
		ProjectReferences = "{15b3e0d2-6217-493a-a690-158c497f5318}|COMP306_FeedbackService.dll;{2467B15C-2671-4994-A625-0F6A19C019FF}|FeedbackEF.dll;"
		Debug.AspNetCompiler.VirtualPath = "/localhost_9799"
		Debug.AspNetCompiler.PhysicalPath = "IISFeedbackService\"
		Debug.AspNetCompiler.TargetPath = "PrecompiledWeb\localhost_9799\"
		Debug.AspNetCompiler.Updateable = "true"
		Debug.AspNetCompiler.ForceOverwrite = "true"
		Debug.AspNetCompiler.FixedNames = "false"
		Debug.AspNetCompiler.Debug = "True"
		Release.AspNetCompiler.VirtualPath = "/localhost_9799"
		Release.AspNetCompiler.PhysicalPath = "IISFeedbackService\"
		Release.AspNetCompiler.TargetPath = "PrecompiledWeb\localhost_9799\"
		Release.AspNetCompiler.Updateable = "true"
		Release.AspNetCompiler.ForceOverwrite = "true"
		Release.AspNetCompiler.FixedNames = "false"
		Release.AspNetCompiler.Debug = "False"
		SlnRelativePath = "IISFeedbackService\"
		DefaultWebSiteLanguage = "Visual C#"
	EndProjectSection
EndProject
Project("{FAE04EC0-301F-11D3-BF4B-00C04F79EFBC}") = "FeedbackEF", "FeedbackEF\FeedbackEF.csproj", "{2467B15C-2671-4994-A625-0F6A19C019FF}"
EndProject
Global
	GlobalSection(SolutionConfigurationPlatforms) = preSolution
		Debug|Any CPU = Debug|Any CPU
		Release|Any CPU = Release|Any CPU
	EndGlobalSection
	GlobalSection(ProjectConfigurationPlatforms) = postSolution
		{15B3E0D2-6217-493A-A690-158C497F5318}.Debug|Any CPU.ActiveCfg = Debug|Any CPU
		{15B3E0D2-6217-493A-A690-158C497F5318}.Debug|Any CPU.Build.0 = Debug|Any CPU
		{15B3E0D2-6217-493A-A690-158C497F5318}.Release|Any CPU.ActiveCfg = Release|Any CPU
		{15B3E0D2-6217-493A-A690-158C497F5318}.Release|Any CPU.Build.0 = Release|Any CPU
		{6D5FDBD1-15CB-455D-85C3-07C75CFD2DE0}.Debug|Any CPU.ActiveCfg = Debug|Any CPU
		{6D5FDBD1-15CB-455D-85C3-07C75CFD2DE0}.Debug|Any CPU.Build.0 = Debug|Any CPU
		{6D5FDBD1-15CB-455D-85C3-07C75CFD2DE0}.Release|Any CPU.ActiveCfg = Release|Any CPU
		{6D5FDBD1-15CB-455D-85C3-07C75CFD2DE0}.Release|Any CPU.Build.0 = Release|Any CPU
		{C26D9480-951B-461B-A1CE-5899EA48B9C4}.Debug|Any CPU.ActiveCfg = Debug|Any CPU
		{C26D9480-951B-461B-A1CE-5899EA48B9C4}.Debug|Any CPU.Build.0 = Debug|Any CPU
		{C26D9480-951B-461B-A1CE-5899EA48B9C4}.Release|Any CPU.ActiveCfg = Debug|Any CPU
		{C26D9480-951B-461B-A1CE-5899EA48B9C4}.Release|Any CPU.Build.0 = Debug|Any CPU
		{2467B15C-2671-4994-A625-0F6A19C019FF}.Debug|Any CPU.ActiveCfg = Debug|Any CPU
		{2467B15C-2671-4994-A625-0F6A19C019FF}.Debug|Any CPU.Build.0 = Debug|Any CPU
		{2467B15C-2671-4994-A625-0F6A19C019FF}.Release|Any CPU.ActiveCfg = Release|Any CPU
		{2467B15C-2671-4994-A625-0F6A19C019FF}.Release|Any CPU.Build.0 = Release|Any CPU
	EndGlobalSection
	GlobalSection(SolutionProperties) = preSolution
		HideSolutionNode = FALSE
	EndGlobalSection
EndGlobal
